// !$*UTF8*$!
{
	archiveVersion = 1;
	classes = {
	};
	objectVersion = 46;
	objects = {

/* Begin PBXBuildFile section */
		360609B019EBC1C30003EA2D /* private.pem in Resources */ = {isa = PBXBuildFile; fileRef = 360609AF19EBC1C30003EA2D /* private.pem */; };
		360609B219EBC1CB0003EA2D /* public.pem in Resources */ = {isa = PBXBuildFile; fileRef = 360609B119EBC1CB0003EA2D /* public.pem */; };
		360609B419EBE12B0003EA2D /* libz.dylib in Frameworks */ = {isa = PBXBuildFile; fileRef = 360609B319EBE12B0003EA2D /* libz.dylib */; };
		360609B619EBF39A0003EA2D /* steamInternal.pem in Resources */ = {isa = PBXBuildFile; fileRef = 360609B519EBF39A0003EA2D /* steamInternal.pem */; };
		3613523E19ECB1060038A3A1 /* SKPacketScanner.m in Sources */ = {isa = PBXBuildFile; fileRef = 3613523D19ECB1060038A3A1 /* SKPacketScanner.m */; };
		3613524319ECB12F0038A3A1 /* NSData_SteamKitAdditions.m in Sources */ = {isa = PBXBuildFile; fileRef = 3613524019ECB12F0038A3A1 /* NSData_SteamKitAdditions.m */; };
		3613524419ECB12F0038A3A1 /* NSMutableData_XfireAdditions.m in Sources */ = {isa = PBXBuildFile; fileRef = 3613524219ECB12F0038A3A1 /* NSMutableData_XfireAdditions.m */; };
		3613524719ED2B1F0038A3A1 /* SKSentryFile.m in Sources */ = {isa = PBXBuildFile; fileRef = 3613524619ED2B1F0038A3A1 /* SKSentryFile.m */; };
		363CBDD319F8F2E30012AD78 /* SKProtobufScanner.m in Sources */ = {isa = PBXBuildFile; fileRef = 363CBDD219F8F2E30012AD78 /* SKProtobufScanner.m */; };
		3646FE3219FAA9D900143668 /* SKProtobufKey.m in Sources */ = {isa = PBXBuildFile; fileRef = 3646FE3119FAA9D900143668 /* SKProtobufKey.m */; };
		366863AB1A10553900EA08B6 /* EXChatWindowController.m in Sources */ = {isa = PBXBuildFile; fileRef = 366863A91A10553900EA08B6 /* EXChatWindowController.m */; };
		366863AC1A10553900EA08B6 /* EXChatWindowController.xib in Resources */ = {isa = PBXBuildFile; fileRef = 366863AA1A10553900EA08B6 /* EXChatWindowController.xib */; };
		3671B6CC19E2E4A4000A02EF /* steamPublic.pem in Resources */ = {isa = PBXBuildFile; fileRef = 3671B6CB19E2E4A4000A02EF /* steamPublic.pem */; };
		3672A7971A10EBC8003AF16D /* AHHyperlinkScanner.m in Sources */ = {isa = PBXBuildFile; fileRef = 3672A7921A10EBC8003AF16D /* AHHyperlinkScanner.m */; };
		3672A7981A10EBC8003AF16D /* AHLinkLexer.yy.c in Sources */ = {isa = PBXBuildFile; fileRef = 3672A7941A10EBC8003AF16D /* AHLinkLexer.yy.c */; };
		3672A7991A10EBC8003AF16D /* AHMarkedHyperlink.m in Sources */ = {isa = PBXBuildFile; fileRef = 3672A7961A10EBC8003AF16D /* AHMarkedHyperlink.m */; };
		367EF2D51A103F060038548D /* EXSteamDeveloperWindow.m in Sources */ = {isa = PBXBuildFile; fileRef = 367EF2D31A103F060038548D /* EXSteamDeveloperWindow.m */; };
		367EF2D61A103F060038548D /* EXSteamDeveloperWindow.xib in Resources */ = {isa = PBXBuildFile; fileRef = 367EF2D41A103F060038548D /* EXSteamDeveloperWindow.xib */; };
		367EF2DB1A1045C00038548D /* EXFriendsListController.m in Sources */ = {isa = PBXBuildFile; fileRef = 367EF2D91A1045C00038548D /* EXFriendsListController.m */; };
		367EF2DC1A1045C00038548D /* EXFriendsListController.xib in Resources */ = {isa = PBXBuildFile; fileRef = 367EF2DA1A1045C00038548D /* EXFriendsListController.xib */; };
		367EF2DF1A1046120038548D /* EXFriendsListRowView.m in Sources */ = {isa = PBXBuildFile; fileRef = 367EF2DE1A1046120038548D /* EXFriendsListRowView.m */; };
		369715A419D4387A001D8653 /* SKRSAEncryption.m in Sources */ = {isa = PBXBuildFile; fileRef = 369715A319D4387A001D8653 /* SKRSAEncryption.m */; };
		36B303D31A0FF0DF009C2D0B /* SKSteamID.m in Sources */ = {isa = PBXBuildFile; fileRef = 36B303D21A0FF0DF009C2D0B /* SKSteamID.m */; };
		36B714B919D07A4F006F08B3 /* SKSession.m in Sources */ = {isa = PBXBuildFile; fileRef = 36B714B819D07A4F006F08B3 /* SKSession.m */; };
		36B714C919D2F36F006F08B3 /* SKAESEncryption.m in Sources */ = {isa = PBXBuildFile; fileRef = 36B714C819D2F36F006F08B3 /* SKAESEncryption.m */; };
		36B714CB19D2FB69006F08B3 /* Security.framework in Frameworks */ = {isa = PBXBuildFile; fileRef = 36B714CA19D2FB69006F08B3 /* Security.framework */; };
		36C5CFFE1A0F8CE9006CE1BD /* SKProtobufEncoder.m in Sources */ = {isa = PBXBuildFile; fileRef = 36C5CFFD1A0F8CE9006CE1BD /* SKProtobufEncoder.m */; };
		36CB627119FF347000F2E996 /* EXSteamGuardWindowController.m in Sources */ = {isa = PBXBuildFile; fileRef = 36CB626F19FF347000F2E996 /* EXSteamGuardWindowController.m */; };
		36CB627219FF347000F2E996 /* EXSteamGuardWindowController.xib in Resources */ = {isa = PBXBuildFile; fileRef = 36CB627019FF347000F2E996 /* EXSteamGuardWindowController.xib */; };
		36CE8D011A01542C0010E42B /* SKHeartbeatManager.m in Sources */ = {isa = PBXBuildFile; fileRef = 36CE8D001A01542C0010E42B /* SKHeartbeatManager.m */; };
		36CF7DD61A01199D00973C8B /* SKFriend.m in Sources */ = {isa = PBXBuildFile; fileRef = 36CF7DD51A01199D00973C8B /* SKFriend.m */; };
		36CF849C1A0F19A000C7A087 /* SKProtobufHeader.m in Sources */ = {isa = PBXBuildFile; fileRef = 36CF849B1A0F19A000C7A087 /* SKProtobufHeader.m */; };
		36D4F8821A00EE570028CE96 /* SKOneTimePassword.m in Sources */ = {isa = PBXBuildFile; fileRef = 36D4F8811A00EE570028CE96 /* SKOneTimePassword.m */; };
		36DAFB5719CAD81600A65E6F /* SKUDPConnection.m in Sources */ = {isa = PBXBuildFile; fileRef = 36DAFB5619CAD81600A65E6F /* SKUDPConnection.m */; };
		36DAFB5A19CB30DF00A65E6F /* SKTCPConnection.m in Sources */ = {isa = PBXBuildFile; fileRef = 36DAFB5919CB30DF00A65E6F /* SKTCPConnection.m */; };
		36E5DA9319FDE4EB00AD2A4D /* SKProtobufCompiler.m in Sources */ = {isa = PBXBuildFile; fileRef = 36E5DA9219FDE4EB00AD2A4D /* SKProtobufCompiler.m */; };
		36E5DA9619FDEBF300AD2A4D /* SKProtobufValue.m in Sources */ = {isa = PBXBuildFile; fileRef = 36E5DA9519FDEBF300AD2A4D /* SKProtobufValue.m */; };
		36E766DD19C6D54000D9C761 /* Cocoa.framework in Frameworks */ = {isa = PBXBuildFile; fileRef = 36E766DC19C6D54000D9C761 /* Cocoa.framework */; };
		36E766E719C6D54000D9C761 /* InfoPlist.strings in Resources */ = {isa = PBXBuildFile; fileRef = 36E766E519C6D54000D9C761 /* InfoPlist.strings */; };
		36E766E919C6D54000D9C761 /* main.m in Sources */ = {isa = PBXBuildFile; fileRef = 36E766E819C6D54000D9C761 /* main.m */; };
		36E766ED19C6D54000D9C761 /* Credits.rtf in Resources */ = {isa = PBXBuildFile; fileRef = 36E766EB19C6D54000D9C761 /* Credits.rtf */; };
		36E766F019C6D54000D9C761 /* EXAppDelegate.m in Sources */ = {isa = PBXBuildFile; fileRef = 36E766EF19C6D54000D9C761 /* EXAppDelegate.m */; };
		36E766F319C6D54000D9C761 /* MainMenu.xib in Resources */ = {isa = PBXBuildFile; fileRef = 36E766F119C6D54000D9C761 /* MainMenu.xib */; };
		36E766F519C6D54000D9C761 /* Images.xcassets in Resources */ = {isa = PBXBuildFile; fileRef = 36E766F419C6D54000D9C761 /* Images.xcassets */; };
		36E766FC19C6D54000D9C761 /* XCTest.framework in Frameworks */ = {isa = PBXBuildFile; fileRef = 36E766FB19C6D54000D9C761 /* XCTest.framework */; };
		36E766FD19C6D54000D9C761 /* Cocoa.framework in Frameworks */ = {isa = PBXBuildFile; fileRef = 36E766DC19C6D54000D9C761 /* Cocoa.framework */; };
		36E7670519C6D54100D9C761 /* InfoPlist.strings in Resources */ = {isa = PBXBuildFile; fileRef = 36E7670319C6D54100D9C761 /* InfoPlist.strings */; };
		36E7670719C6D54100D9C761 /* IceTests.m in Sources */ = {isa = PBXBuildFile; fileRef = 36E7670619C6D54100D9C761 /* IceTests.m */; };
		36E7671619C6D8E300D9C761 /* GCDAsyncSocket.m in Sources */ = {isa = PBXBuildFile; fileRef = 36E7671319C6D8E300D9C761 /* GCDAsyncSocket.m */; settings = {COMPILER_FLAGS = "-fobjc-arc"; }; };
		36E7671719C6D8E300D9C761 /* GCDAsyncUdpSocket.m in Sources */ = {isa = PBXBuildFile; fileRef = 36E7671519C6D8E300D9C761 /* GCDAsyncUdpSocket.m */; settings = {COMPILER_FLAGS = "-fobjc-arc"; }; };
		36E7671B19C6DAF500D9C761 /* SKConnection.m in Sources */ = {isa = PBXBuildFile; fileRef = 36E7671A19C6DAF500D9C761 /* SKConnection.m */; };
		36E7671E19C707D900D9C761 /* SKPacket.m in Sources */ = {isa = PBXBuildFile; fileRef = 36E7671D19C707D900D9C761 /* SKPacket.m */; };
/* End PBXBuildFile section */

/* Begin PBXContainerItemProxy section */
		36E766FE19C6D54100D9C761 /* PBXContainerItemProxy */ = {
			isa = PBXContainerItemProxy;
			containerPortal = 36E766D119C6D54000D9C761 /* Project object */;
			proxyType = 1;
			remoteGlobalIDString = 36E766D819C6D54000D9C761;
			remoteInfo = Ice;
		};
/* End PBXContainerItemProxy section */

/* Begin PBXFileReference section */
		360609AF19EBC1C30003EA2D /* private.pem */ = {isa = PBXFileReference; fileEncoding = 4; lastKnownFileType = text; path = private.pem; sourceTree = "<group>"; };
		360609B119EBC1CB0003EA2D /* public.pem */ = {isa = PBXFileReference; fileEncoding = 4; lastKnownFileType = text; path = public.pem; sourceTree = "<group>"; };
		360609B319EBE12B0003EA2D /* libz.dylib */ = {isa = PBXFileReference; lastKnownFileType = "compiled.mach-o.dylib"; name = libz.dylib; path = usr/lib/libz.dylib; sourceTree = SDKROOT; };
		360609B519EBF39A0003EA2D /* steamInternal.pem */ = {isa = PBXFileReference; fileEncoding = 4; lastKnownFileType = text; path = steamInternal.pem; sourceTree = "<group>"; };
		3613523C19ECB1060038A3A1 /* SKPacketScanner.h */ = {isa = PBXFileReference; fileEncoding = 4; lastKnownFileType = sourcecode.c.h; name = SKPacketScanner.h; path = SteamKit/Packet/SKPacketScanner.h; sourceTree = "<group>"; };
		3613523D19ECB1060038A3A1 /* SKPacketScanner.m */ = {isa = PBXFileReference; fileEncoding = 4; lastKnownFileType = sourcecode.c.objc; name = SKPacketScanner.m; path = SteamKit/Packet/SKPacketScanner.m; sourceTree = "<group>"; };
		3613523F19ECB12F0038A3A1 /* NSData_SteamKitAdditions.h */ = {isa = PBXFileReference; fileEncoding = 4; lastKnownFileType = sourcecode.c.h; name = NSData_SteamKitAdditions.h; path = SteamKit/NSData/NSData_SteamKitAdditions.h; sourceTree = "<group>"; };
		3613524019ECB12F0038A3A1 /* NSData_SteamKitAdditions.m */ = {isa = PBXFileReference; fileEncoding = 4; lastKnownFileType = sourcecode.c.objc; name = NSData_SteamKitAdditions.m; path = SteamKit/NSData/NSData_SteamKitAdditions.m; sourceTree = "<group>"; };
		3613524119ECB12F0038A3A1 /* NSMutableData_XfireAdditions.h */ = {isa = PBXFileReference; fileEncoding = 4; lastKnownFileType = sourcecode.c.h; name = NSMutableData_XfireAdditions.h; path = SteamKit/NSData/NSMutableData_XfireAdditions.h; sourceTree = "<group>"; };
		3613524219ECB12F0038A3A1 /* NSMutableData_XfireAdditions.m */ = {isa = PBXFileReference; fileEncoding = 4; lastKnownFileType = sourcecode.c.objc; name = NSMutableData_XfireAdditions.m; path = SteamKit/NSData/NSMutableData_XfireAdditions.m; sourceTree = "<group>"; };
		3613524519ED2B1F0038A3A1 /* SKSentryFile.h */ = {isa = PBXFileReference; fileEncoding = 4; lastKnownFileType = sourcecode.c.h; name = SKSentryFile.h; path = SteamKit/Security/SKSentryFile.h; sourceTree = "<group>"; };
		3613524619ED2B1F0038A3A1 /* SKSentryFile.m */ = {isa = PBXFileReference; fileEncoding = 4; lastKnownFileType = sourcecode.c.objc; name = SKSentryFile.m; path = SteamKit/Security/SKSentryFile.m; sourceTree = "<group>"; };
		3613524919ED78DA0038A3A1 /* SteamConstants.h */ = {isa = PBXFileReference; fileEncoding = 4; lastKnownFileType = sourcecode.c.h; name = SteamConstants.h; path = SteamKit/SteamConstants.h; sourceTree = "<group>"; };
		363C842919F65AC500DC3CCD /* MsgType.h */ = {isa = PBXFileReference; lastKnownFileType = sourcecode.c.h; name = MsgType.h; path = SteamKit/MsgType.h; sourceTree = "<group>"; };
		363CBDD119F8F2E30012AD78 /* SKProtobufScanner.h */ = {isa = PBXFileReference; fileEncoding = 4; lastKnownFileType = sourcecode.c.h; name = SKProtobufScanner.h; path = SteamKit/Packet/SKProtobufScanner.h; sourceTree = "<group>"; };
		363CBDD219F8F2E30012AD78 /* SKProtobufScanner.m */ = {isa = PBXFileReference; fileEncoding = 4; lastKnownFileType = sourcecode.c.objc; name = SKProtobufScanner.m; path = SteamKit/Packet/SKProtobufScanner.m; sourceTree = "<group>"; };
		3646FE3019FAA9D900143668 /* SKProtobufKey.h */ = {isa = PBXFileReference; fileEncoding = 4; lastKnownFileType = sourcecode.c.h; name = SKProtobufKey.h; path = SteamKit/Packet/Protobuf/SKProtobufKey.h; sourceTree = "<group>"; };
		3646FE3119FAA9D900143668 /* SKProtobufKey.m */ = {isa = PBXFileReference; fileEncoding = 4; lastKnownFileType = sourcecode.c.objc; name = SKProtobufKey.m; path = SteamKit/Packet/Protobuf/SKProtobufKey.m; sourceTree = "<group>"; };
		366863A81A10553900EA08B6 /* EXChatWindowController.h */ = {isa = PBXFileReference; fileEncoding = 4; lastKnownFileType = sourcecode.c.h; name = EXChatWindowController.h; path = Classes/WindowControllers/EXChatWindowController.h; sourceTree = "<group>"; };
		366863A91A10553900EA08B6 /* EXChatWindowController.m */ = {isa = PBXFileReference; fileEncoding = 4; lastKnownFileType = sourcecode.c.objc; name = EXChatWindowController.m; path = Classes/WindowControllers/EXChatWindowController.m; sourceTree = "<group>"; };
		366863AA1A10553900EA08B6 /* EXChatWindowController.xib */ = {isa = PBXFileReference; fileEncoding = 4; lastKnownFileType = file.xib; name = EXChatWindowController.xib; path = Classes/WindowControllers/EXChatWindowController.xib; sourceTree = "<group>"; };
		3671B6CB19E2E4A4000A02EF /* steamPublic.pem */ = {isa = PBXFileReference; fileEncoding = 4; lastKnownFileType = text; path = steamPublic.pem; sourceTree = "<group>"; };
		3672A7911A10EBC8003AF16D /* AHHyperlinkScanner.h */ = {isa = PBXFileReference; fileEncoding = 4; lastKnownFileType = sourcecode.c.h; path = AHHyperlinkScanner.h; sourceTree = "<group>"; };
		3672A7921A10EBC8003AF16D /* AHHyperlinkScanner.m */ = {isa = PBXFileReference; fileEncoding = 4; lastKnownFileType = sourcecode.c.objc; path = AHHyperlinkScanner.m; sourceTree = "<group>"; };
		3672A7931A10EBC8003AF16D /* AHLinkLexer.h */ = {isa = PBXFileReference; fileEncoding = 4; lastKnownFileType = sourcecode.c.h; path = AHLinkLexer.h; sourceTree = "<group>"; };
		3672A7941A10EBC8003AF16D /* AHLinkLexer.yy.c */ = {isa = PBXFileReference; fileEncoding = 4; lastKnownFileType = sourcecode.c.c; path = AHLinkLexer.yy.c; sourceTree = "<group>"; };
		3672A7951A10EBC8003AF16D /* AHMarkedHyperlink.h */ = {isa = PBXFileReference; fileEncoding = 4; lastKnownFileType = sourcecode.c.h; path = AHMarkedHyperlink.h; sourceTree = "<group>"; };
		3672A7961A10EBC8003AF16D /* AHMarkedHyperlink.m */ = {isa = PBXFileReference; fileEncoding = 4; lastKnownFileType = sourcecode.c.objc; path = AHMarkedHyperlink.m; sourceTree = "<group>"; };
		367EF2D21A103F060038548D /* EXSteamDeveloperWindow.h */ = {isa = PBXFileReference; fileEncoding = 4; lastKnownFileType = sourcecode.c.h; name = EXSteamDeveloperWindow.h; path = Classes/Developer/EXSteamDeveloperWindow.h; sourceTree = "<group>"; };
		367EF2D31A103F060038548D /* EXSteamDeveloperWindow.m */ = {isa = PBXFileReference; fileEncoding = 4; lastKnownFileType = sourcecode.c.objc; name = EXSteamDeveloperWindow.m; path = Classes/Developer/EXSteamDeveloperWindow.m; sourceTree = "<group>"; };
		367EF2D41A103F060038548D /* EXSteamDeveloperWindow.xib */ = {isa = PBXFileReference; fileEncoding = 4; lastKnownFileType = file.xib; name = EXSteamDeveloperWindow.xib; path = Classes/Developer/EXSteamDeveloperWindow.xib; sourceTree = "<group>"; };
		367EF2D81A1045C00038548D /* EXFriendsListController.h */ = {isa = PBXFileReference; fileEncoding = 4; lastKnownFileType = sourcecode.c.h; name = EXFriendsListController.h; path = Classes/ViewControllers/EXFriendsListController.h; sourceTree = "<group>"; };
		367EF2D91A1045C00038548D /* EXFriendsListController.m */ = {isa = PBXFileReference; fileEncoding = 4; lastKnownFileType = sourcecode.c.objc; name = EXFriendsListController.m; path = Classes/ViewControllers/EXFriendsListController.m; sourceTree = "<group>"; };
		367EF2DA1A1045C00038548D /* EXFriendsListController.xib */ = {isa = PBXFileReference; fileEncoding = 4; lastKnownFileType = file.xib; name = EXFriendsListController.xib; path = Classes/ViewControllers/EXFriendsListController.xib; sourceTree = "<group>"; };
		367EF2DD1A1046120038548D /* EXFriendsListRowView.h */ = {isa = PBXFileReference; fileEncoding = 4; lastKnownFileType = sourcecode.c.h; name = EXFriendsListRowView.h; path = Classes/ViewControllers/EXFriendsListRowView.h; sourceTree = "<group>"; };
		367EF2DE1A1046120038548D /* EXFriendsListRowView.m */ = {isa = PBXFileReference; fileEncoding = 4; lastKnownFileType = sourcecode.c.objc; name = EXFriendsListRowView.m; path = Classes/ViewControllers/EXFriendsListRowView.m; sourceTree = "<group>"; };
		369715A219D4387A001D8653 /* SKRSAEncryption.h */ = {isa = PBXFileReference; fileEncoding = 4; lastKnownFileType = sourcecode.c.h; name = SKRSAEncryption.h; path = SteamKit/Security/SKRSAEncryption.h; sourceTree = "<group>"; };
		369715A319D4387A001D8653 /* SKRSAEncryption.m */ = {isa = PBXFileReference; fileEncoding = 4; lastKnownFileType = sourcecode.c.objc; name = SKRSAEncryption.m; path = SteamKit/Security/SKRSAEncryption.m; sourceTree = "<group>"; };
		36B303D11A0FF0DF009C2D0B /* SKSteamID.h */ = {isa = PBXFileReference; fileEncoding = 4; lastKnownFileType = sourcecode.c.h; name = SKSteamID.h; path = SteamKit/Friends/SKSteamID.h; sourceTree = "<group>"; };
		36B303D21A0FF0DF009C2D0B /* SKSteamID.m */ = {isa = PBXFileReference; fileEncoding = 4; lastKnownFileType = sourcecode.c.objc; name = SKSteamID.m; path = SteamKit/Friends/SKSteamID.m; sourceTree = "<group>"; };
		36B714B719D07A4F006F08B3 /* SKSession.h */ = {isa = PBXFileReference; fileEncoding = 4; lastKnownFileType = sourcecode.c.h; name = SKSession.h; path = SteamKit/Session/SKSession.h; sourceTree = "<group>"; };
		36B714B819D07A4F006F08B3 /* SKSession.m */ = {isa = PBXFileReference; fileEncoding = 4; lastKnownFileType = sourcecode.c.objc; name = SKSession.m; path = SteamKit/Session/SKSession.m; sourceTree = "<group>"; };
		36B714C719D2F36F006F08B3 /* SKAESEncryption.h */ = {isa = PBXFileReference; fileEncoding = 4; lastKnownFileType = sourcecode.c.h; name = SKAESEncryption.h; path = SteamKit/Security/SKAESEncryption.h; sourceTree = "<group>"; };
		36B714C819D2F36F006F08B3 /* SKAESEncryption.m */ = {isa = PBXFileReference; fileEncoding = 4; lastKnownFileType = sourcecode.c.objc; name = SKAESEncryption.m; path = SteamKit/Security/SKAESEncryption.m; sourceTree = "<group>"; };
		36B714CA19D2FB69006F08B3 /* Security.framework */ = {isa = PBXFileReference; lastKnownFileType = wrapper.framework; name = Security.framework; path = System/Library/Frameworks/Security.framework; sourceTree = SDKROOT; };
		36C5CFFC1A0F8CE9006CE1BD /* SKProtobufEncoder.h */ = {isa = PBXFileReference; fileEncoding = 4; lastKnownFileType = sourcecode.c.h; name = SKProtobufEncoder.h; path = SteamKit/Packet/Protobuf/SKProtobufEncoder.h; sourceTree = "<group>"; };
		36C5CFFD1A0F8CE9006CE1BD /* SKProtobufEncoder.m */ = {isa = PBXFileReference; fileEncoding = 4; lastKnownFileType = sourcecode.c.objc; name = SKProtobufEncoder.m; path = SteamKit/Packet/Protobuf/SKProtobufEncoder.m; sourceTree = "<group>"; };
		36C92ED219FBE6B7009FD8E2 /* SKProtobufConstants.h */ = {isa = PBXFileReference; lastKnownFileType = sourcecode.c.h; path = SKProtobufConstants.h; sourceTree = "<group>"; };
		36CB626E19FF347000F2E996 /* EXSteamGuardWindowController.h */ = {isa = PBXFileReference; fileEncoding = 4; lastKnownFileType = sourcecode.c.h; name = EXSteamGuardWindowController.h; path = "Classes/Steam Guard/EXSteamGuardWindowController.h"; sourceTree = "<group>"; };
		36CB626F19FF347000F2E996 /* EXSteamGuardWindowController.m */ = {isa = PBXFileReference; fileEncoding = 4; lastKnownFileType = sourcecode.c.objc; name = EXSteamGuardWindowController.m; path = "Classes/Steam Guard/EXSteamGuardWindowController.m"; sourceTree = "<group>"; };
		36CB627019FF347000F2E996 /* EXSteamGuardWindowController.xib */ = {isa = PBXFileReference; fileEncoding = 4; lastKnownFileType = file.xib; name = EXSteamGuardWindowController.xib; path = "Classes/Steam Guard/EXSteamGuardWindowController.xib"; sourceTree = "<group>"; };
		36CE8CFF1A01542C0010E42B /* SKHeartbeatManager.h */ = {isa = PBXFileReference; fileEncoding = 4; lastKnownFileType = sourcecode.c.h; name = SKHeartbeatManager.h; path = SteamKit/Session/SKHeartbeatManager.h; sourceTree = "<group>"; };
		36CE8D001A01542C0010E42B /* SKHeartbeatManager.m */ = {isa = PBXFileReference; fileEncoding = 4; lastKnownFileType = sourcecode.c.objc; name = SKHeartbeatManager.m; path = SteamKit/Session/SKHeartbeatManager.m; sourceTree = "<group>"; };
		36CF7DD41A01199D00973C8B /* SKFriend.h */ = {isa = PBXFileReference; fileEncoding = 4; lastKnownFileType = sourcecode.c.h; name = SKFriend.h; path = SteamKit/Friends/SKFriend.h; sourceTree = "<group>"; };
		36CF7DD51A01199D00973C8B /* SKFriend.m */ = {isa = PBXFileReference; fileEncoding = 4; lastKnownFileType = sourcecode.c.objc; name = SKFriend.m; path = SteamKit/Friends/SKFriend.m; sourceTree = "<group>"; };
		36CF849A1A0F19A000C7A087 /* SKProtobufHeader.h */ = {isa = PBXFileReference; fileEncoding = 4; lastKnownFileType = sourcecode.c.h; name = SKProtobufHeader.h; path = SteamKit/Packet/Protobuf/SKProtobufHeader.h; sourceTree = "<group>"; };
		36CF849B1A0F19A000C7A087 /* SKProtobufHeader.m */ = {isa = PBXFileReference; fileEncoding = 4; lastKnownFileType = sourcecode.c.objc; name = SKProtobufHeader.m; path = SteamKit/Packet/Protobuf/SKProtobufHeader.m; sourceTree = "<group>"; };
		36D4F8801A00EE570028CE96 /* SKOneTimePassword.h */ = {isa = PBXFileReference; fileEncoding = 4; lastKnownFileType = sourcecode.c.h; name = SKOneTimePassword.h; path = SteamKit/Security/SKOneTimePassword.h; sourceTree = "<group>"; };
		36D4F8811A00EE570028CE96 /* SKOneTimePassword.m */ = {isa = PBXFileReference; fileEncoding = 4; lastKnownFileType = sourcecode.c.objc; name = SKOneTimePassword.m; path = SteamKit/Security/SKOneTimePassword.m; sourceTree = "<group>"; };
		36DAFB5519CAD81600A65E6F /* SKUDPConnection.h */ = {isa = PBXFileReference; fileEncoding = 4; lastKnownFileType = sourcecode.c.h; name = SKUDPConnection.h; path = SteamKit/Connection/SKUDPConnection.h; sourceTree = "<group>"; };
		36DAFB5619CAD81600A65E6F /* SKUDPConnection.m */ = {isa = PBXFileReference; fileEncoding = 4; lastKnownFileType = sourcecode.c.objc; name = SKUDPConnection.m; path = SteamKit/Connection/SKUDPConnection.m; sourceTree = "<group>"; };
		36DAFB5819CB30DF00A65E6F /* SKTCPConnection.h */ = {isa = PBXFileReference; fileEncoding = 4; lastKnownFileType = sourcecode.c.h; name = SKTCPConnection.h; path = SteamKit/Connection/SKTCPConnection.h; sourceTree = "<group>"; };
		36DAFB5919CB30DF00A65E6F /* SKTCPConnection.m */ = {isa = PBXFileReference; fileEncoding = 4; lastKnownFileType = sourcecode.c.objc; name = SKTCPConnection.m; path = SteamKit/Connection/SKTCPConnection.m; sourceTree = "<group>"; };
		36E5DA9119FDE4EB00AD2A4D /* SKProtobufCompiler.h */ = {isa = PBXFileReference; fileEncoding = 4; lastKnownFileType = sourcecode.c.h; name = SKProtobufCompiler.h; path = SteamKit/Packet/Protobuf/SKProtobufCompiler.h; sourceTree = "<group>"; };
		36E5DA9219FDE4EB00AD2A4D /* SKProtobufCompiler.m */ = {isa = PBXFileReference; fileEncoding = 4; lastKnownFileType = sourcecode.c.objc; name = SKProtobufCompiler.m; path = SteamKit/Packet/Protobuf/SKProtobufCompiler.m; sourceTree = "<group>"; };
		36E5DA9419FDEBF300AD2A4D /* SKProtobufValue.h */ = {isa = PBXFileReference; fileEncoding = 4; lastKnownFileType = sourcecode.c.h; name = SKProtobufValue.h; path = SteamKit/Packet/Protobuf/SKProtobufValue.h; sourceTree = "<group>"; };
		36E5DA9519FDEBF300AD2A4D /* SKProtobufValue.m */ = {isa = PBXFileReference; fileEncoding = 4; lastKnownFileType = sourcecode.c.objc; name = SKProtobufValue.m; path = SteamKit/Packet/Protobuf/SKProtobufValue.m; sourceTree = "<group>"; };
		36E766D919C6D54000D9C761 /* Ice.app */ = {isa = PBXFileReference; explicitFileType = wrapper.application; includeInIndex = 0; path = Ice.app; sourceTree = BUILT_PRODUCTS_DIR; };
		36E766DC19C6D54000D9C761 /* Cocoa.framework */ = {isa = PBXFileReference; lastKnownFileType = wrapper.framework; name = Cocoa.framework; path = System/Library/Frameworks/Cocoa.framework; sourceTree = SDKROOT; };
		36E766DF19C6D54000D9C761 /* AppKit.framework */ = {isa = PBXFileReference; lastKnownFileType = wrapper.framework; name = AppKit.framework; path = System/Library/Frameworks/AppKit.framework; sourceTree = SDKROOT; };
		36E766E019C6D54000D9C761 /* CoreData.framework */ = {isa = PBXFileReference; lastKnownFileType = wrapper.framework; name = CoreData.framework; path = System/Library/Frameworks/CoreData.framework; sourceTree = SDKROOT; };
		36E766E119C6D54000D9C761 /* Foundation.framework */ = {isa = PBXFileReference; lastKnownFileType = wrapper.framework; name = Foundation.framework; path = System/Library/Frameworks/Foundation.framework; sourceTree = SDKROOT; };
		36E766E419C6D54000D9C761 /* Ice-Info.plist */ = {isa = PBXFileReference; lastKnownFileType = text.plist.xml; path = "Ice-Info.plist"; sourceTree = "<group>"; };
		36E766E619C6D54000D9C761 /* en */ = {isa = PBXFileReference; lastKnownFileType = text.plist.strings; name = en; path = en.lproj/InfoPlist.strings; sourceTree = "<group>"; };
		36E766E819C6D54000D9C761 /* main.m */ = {isa = PBXFileReference; lastKnownFileType = sourcecode.c.objc; path = main.m; sourceTree = "<group>"; };
		36E766EA19C6D54000D9C761 /* Ice-Prefix.pch */ = {isa = PBXFileReference; lastKnownFileType = sourcecode.c.h; path = "Ice-Prefix.pch"; sourceTree = "<group>"; };
		36E766EC19C6D54000D9C761 /* en */ = {isa = PBXFileReference; lastKnownFileType = text.rtf; name = en; path = en.lproj/Credits.rtf; sourceTree = "<group>"; };
		36E766EE19C6D54000D9C761 /* EXAppDelegate.h */ = {isa = PBXFileReference; lastKnownFileType = sourcecode.c.h; path = EXAppDelegate.h; sourceTree = "<group>"; };
		36E766EF19C6D54000D9C761 /* EXAppDelegate.m */ = {isa = PBXFileReference; lastKnownFileType = sourcecode.c.objc; path = EXAppDelegate.m; sourceTree = "<group>"; };
		36E766F219C6D54000D9C761 /* Base */ = {isa = PBXFileReference; lastKnownFileType = file.xib; name = Base; path = Base.lproj/MainMenu.xib; sourceTree = "<group>"; };
		36E766F419C6D54000D9C761 /* Images.xcassets */ = {isa = PBXFileReference; lastKnownFileType = folder.assetcatalog; path = Images.xcassets; sourceTree = "<group>"; };
		36E766FA19C6D54000D9C761 /* IceTests.xctest */ = {isa = PBXFileReference; explicitFileType = wrapper.cfbundle; includeInIndex = 0; path = IceTests.xctest; sourceTree = BUILT_PRODUCTS_DIR; };
		36E766FB19C6D54000D9C761 /* XCTest.framework */ = {isa = PBXFileReference; lastKnownFileType = wrapper.framework; name = XCTest.framework; path = Library/Frameworks/XCTest.framework; sourceTree = DEVELOPER_DIR; };
		36E7670219C6D54100D9C761 /* IceTests-Info.plist */ = {isa = PBXFileReference; lastKnownFileType = text.plist.xml; path = "IceTests-Info.plist"; sourceTree = "<group>"; };
		36E7670419C6D54100D9C761 /* en */ = {isa = PBXFileReference; lastKnownFileType = text.plist.strings; name = en; path = en.lproj/InfoPlist.strings; sourceTree = "<group>"; };
		36E7670619C6D54100D9C761 /* IceTests.m */ = {isa = PBXFileReference; lastKnownFileType = sourcecode.c.objc; path = IceTests.m; sourceTree = "<group>"; };
		36E7671219C6D8E300D9C761 /* GCDAsyncSocket.h */ = {isa = PBXFileReference; fileEncoding = 4; lastKnownFileType = sourcecode.c.h; name = GCDAsyncSocket.h; path = CocoaAsyncSocket/GCD/GCDAsyncSocket.h; sourceTree = SOURCE_ROOT; };
		36E7671319C6D8E300D9C761 /* GCDAsyncSocket.m */ = {isa = PBXFileReference; fileEncoding = 4; lastKnownFileType = sourcecode.c.objc; name = GCDAsyncSocket.m; path = CocoaAsyncSocket/GCD/GCDAsyncSocket.m; sourceTree = SOURCE_ROOT; };
		36E7671419C6D8E300D9C761 /* GCDAsyncUdpSocket.h */ = {isa = PBXFileReference; fileEncoding = 4; lastKnownFileType = sourcecode.c.h; name = GCDAsyncUdpSocket.h; path = CocoaAsyncSocket/GCD/GCDAsyncUdpSocket.h; sourceTree = SOURCE_ROOT; };
		36E7671519C6D8E300D9C761 /* GCDAsyncUdpSocket.m */ = {isa = PBXFileReference; fileEncoding = 4; lastKnownFileType = sourcecode.c.objc; name = GCDAsyncUdpSocket.m; path = CocoaAsyncSocket/GCD/GCDAsyncUdpSocket.m; sourceTree = SOURCE_ROOT; };
		36E7671919C6DAF500D9C761 /* SKConnection.h */ = {isa = PBXFileReference; fileEncoding = 4; lastKnownFileType = sourcecode.c.h; name = SKConnection.h; path = SteamKit/Connection/SKConnection.h; sourceTree = "<group>"; usesTabs = 1; };
		36E7671A19C6DAF500D9C761 /* SKConnection.m */ = {isa = PBXFileReference; fileEncoding = 4; lastKnownFileType = sourcecode.c.objc; name = SKConnection.m; path = SteamKit/Connection/SKConnection.m; sourceTree = "<group>"; };
		36E7671C19C707D900D9C761 /* SKPacket.h */ = {isa = PBXFileReference; fileEncoding = 4; lastKnownFileType = sourcecode.c.h; name = SKPacket.h; path = SteamKit/Packet/SKPacket.h; sourceTree = "<group>"; };
		36E7671D19C707D900D9C761 /* SKPacket.m */ = {isa = PBXFileReference; fileEncoding = 4; lastKnownFileType = sourcecode.c.objc; name = SKPacket.m; path = SteamKit/Packet/SKPacket.m; sourceTree = "<group>"; };
/* End PBXFileReference section */

/* Begin PBXFrameworksBuildPhase section */
		36E766D619C6D54000D9C761 /* Frameworks */ = {
			isa = PBXFrameworksBuildPhase;
			buildActionMask = 2147483647;
			files = (
				360609B419EBE12B0003EA2D /* libz.dylib in Frameworks */,
				36B714CB19D2FB69006F08B3 /* Security.framework in Frameworks */,
				36E766DD19C6D54000D9C761 /* Cocoa.framework in Frameworks */,
			);
			runOnlyForDeploymentPostprocessing = 0;
		};
		36E766F719C6D54000D9C761 /* Frameworks */ = {
			isa = PBXFrameworksBuildPhase;
			buildActionMask = 2147483647;
			files = (
				36E766FD19C6D54000D9C761 /* Cocoa.framework in Frameworks */,
				36E766FC19C6D54000D9C761 /* XCTest.framework in Frameworks */,
			);
			runOnlyForDeploymentPostprocessing = 0;
		};
/* End PBXFrameworksBuildPhase section */

/* Begin PBXGroup section */
		3646FE2F19FAA9BB00143668 /* Protobuf */ = {
			isa = PBXGroup;
			children = (
				363CBDD119F8F2E30012AD78 /* SKProtobufScanner.h */,
				363CBDD219F8F2E30012AD78 /* SKProtobufScanner.m */,
				3646FE3019FAA9D900143668 /* SKProtobufKey.h */,
				3646FE3119FAA9D900143668 /* SKProtobufKey.m */,
				36C92ED219FBE6B7009FD8E2 /* SKProtobufConstants.h */,
				36E5DA9119FDE4EB00AD2A4D /* SKProtobufCompiler.h */,
				36E5DA9219FDE4EB00AD2A4D /* SKProtobufCompiler.m */,
				36E5DA9419FDEBF300AD2A4D /* SKProtobufValue.h */,
				36E5DA9519FDEBF300AD2A4D /* SKProtobufValue.m */,
				36CF849A1A0F19A000C7A087 /* SKProtobufHeader.h */,
				36CF849B1A0F19A000C7A087 /* SKProtobufHeader.m */,
				36C5CFFC1A0F8CE9006CE1BD /* SKProtobufEncoder.h */,
				36C5CFFD1A0F8CE9006CE1BD /* SKProtobufEncoder.m */,
			);
			name = Protobuf;
			sourceTree = "<group>";
		};
		366863A71A10551C00EA08B6 /* WindowControllers */ = {
			isa = PBXGroup;
			children = (
				367EF2D11A103ED50038548D /* Developer */,
				36CB626D19FF344100F2E996 /* Steam Guard */,
				366863A81A10553900EA08B6 /* EXChatWindowController.h */,
				366863A91A10553900EA08B6 /* EXChatWindowController.m */,
			);
			name = WindowControllers;
			sourceTree = "<group>";
		};
		3672A79A1A10EBCC003AF16D /* AHLinkScanner */ = {
			isa = PBXGroup;
			children = (
				3672A7911A10EBC8003AF16D /* AHHyperlinkScanner.h */,
				3672A7921A10EBC8003AF16D /* AHHyperlinkScanner.m */,
				3672A7931A10EBC8003AF16D /* AHLinkLexer.h */,
				3672A7941A10EBC8003AF16D /* AHLinkLexer.yy.c */,
				3672A7951A10EBC8003AF16D /* AHMarkedHyperlink.h */,
				3672A7961A10EBC8003AF16D /* AHMarkedHyperlink.m */,
			);
			name = AHLinkScanner;
			sourceTree = "<group>";
		};
		367EF2D11A103ED50038548D /* Developer */ = {
			isa = PBXGroup;
			children = (
				367EF2D21A103F060038548D /* EXSteamDeveloperWindow.h */,
				367EF2D31A103F060038548D /* EXSteamDeveloperWindow.m */,
			);
			name = Developer;
			sourceTree = "<group>";
		};
		367EF2D71A1045A50038548D /* ViewControllers */ = {
			isa = PBXGroup;
			children = (
				367EF2D81A1045C00038548D /* EXFriendsListController.h */,
				367EF2D91A1045C00038548D /* EXFriendsListController.m */,
				367EF2DD1A1046120038548D /* EXFriendsListRowView.h */,
				367EF2DE1A1046120038548D /* EXFriendsListRowView.m */,
			);
			name = ViewControllers;
			sourceTree = "<group>";
		};
		36B714B619D07A3A006F08B3 /* Session */ = {
			isa = PBXGroup;
			children = (
				36B714B719D07A4F006F08B3 /* SKSession.h */,
				36B714B819D07A4F006F08B3 /* SKSession.m */,
				36CE8CFF1A01542C0010E42B /* SKHeartbeatManager.h */,
				36CE8D001A01542C0010E42B /* SKHeartbeatManager.m */,
			);
			name = Session;
			sourceTree = "<group>";
		};
		36B714BA19D17BA4006F08B3 /* NSData */ = {
			isa = PBXGroup;
			children = (
				3613523F19ECB12F0038A3A1 /* NSData_SteamKitAdditions.h */,
				3613524019ECB12F0038A3A1 /* NSData_SteamKitAdditions.m */,
				3613524119ECB12F0038A3A1 /* NSMutableData_XfireAdditions.h */,
				3613524219ECB12F0038A3A1 /* NSMutableData_XfireAdditions.m */,
			);
			name = NSData;
			sourceTree = "<group>";
		};
		36B714C119D1CAB3006F08B3 /* GCDAsyncSocket */ = {
			isa = PBXGroup;
			children = (
				36E7671219C6D8E300D9C761 /* GCDAsyncSocket.h */,
				36E7671319C6D8E300D9C761 /* GCDAsyncSocket.m */,
				36E7671419C6D8E300D9C761 /* GCDAsyncUdpSocket.h */,
				36E7671519C6D8E300D9C761 /* GCDAsyncUdpSocket.m */,
			);
			name = GCDAsyncSocket;
			sourceTree = "<group>";
		};
		36B714C219D1CAC2006F08B3 /* UDP */ = {
			isa = PBXGroup;
			children = (
				36DAFB5519CAD81600A65E6F /* SKUDPConnection.h */,
				36DAFB5619CAD81600A65E6F /* SKUDPConnection.m */,
			);
			name = UDP;
			sourceTree = "<group>";
		};
		36B714C319D1CAC9006F08B3 /* TCP */ = {
			isa = PBXGroup;
			children = (
				36DAFB5819CB30DF00A65E6F /* SKTCPConnection.h */,
				36DAFB5919CB30DF00A65E6F /* SKTCPConnection.m */,
			);
			name = TCP;
			sourceTree = "<group>";
		};
		36B714C619D2F350006F08B3 /* Security */ = {
			isa = PBXGroup;
			children = (
				36B714C719D2F36F006F08B3 /* SKAESEncryption.h */,
				36B714C819D2F36F006F08B3 /* SKAESEncryption.m */,
				369715A219D4387A001D8653 /* SKRSAEncryption.h */,
				369715A319D4387A001D8653 /* SKRSAEncryption.m */,
				3613524519ED2B1F0038A3A1 /* SKSentryFile.h */,
				3613524619ED2B1F0038A3A1 /* SKSentryFile.m */,
				36D4F8801A00EE570028CE96 /* SKOneTimePassword.h */,
				36D4F8811A00EE570028CE96 /* SKOneTimePassword.m */,
			);
			name = Security;
			sourceTree = "<group>";
		};
		36CB626C19FF343A00F2E996 /* Classes */ = {
			isa = PBXGroup;
			children = (
				3672A79A1A10EBCC003AF16D /* AHLinkScanner */,
				366863A71A10551C00EA08B6 /* WindowControllers */,
				367EF2D71A1045A50038548D /* ViewControllers */,
			);
			name = Classes;
			sourceTree = "<group>";
		};
		36CB626D19FF344100F2E996 /* Steam Guard */ = {
			isa = PBXGroup;
			children = (
				36CB626E19FF347000F2E996 /* EXSteamGuardWindowController.h */,
				36CB626F19FF347000F2E996 /* EXSteamGuardWindowController.m */,
			);
			name = "Steam Guard";
			sourceTree = "<group>";
		};
		36CF7DD31A01198D00973C8B /* Friends */ = {
			isa = PBXGroup;
			children = (
				36CF7DD41A01199D00973C8B /* SKFriend.h */,
				36CF7DD51A01199D00973C8B /* SKFriend.m */,
				36B303D11A0FF0DF009C2D0B /* SKSteamID.h */,
				36B303D21A0FF0DF009C2D0B /* SKSteamID.m */,
			);
			name = Friends;
			sourceTree = "<group>";
		};
		36D8F5B319F6A2CE00C3D4BE /* User Interface */ = {
			isa = PBXGroup;
			children = (
				366863AA1A10553900EA08B6 /* EXChatWindowController.xib */,
				367EF2DA1A1045C00038548D /* EXFriendsListController.xib */,
				367EF2D41A103F060038548D /* EXSteamDeveloperWindow.xib */,
				36CB627019FF347000F2E996 /* EXSteamGuardWindowController.xib */,
				36E766F119C6D54000D9C761 /* MainMenu.xib */,
			);
			name = "User Interface";
			sourceTree = "<group>";
		};
		36E766D019C6D54000D9C761 = {
			isa = PBXGroup;
			children = (
				36E766E219C6D54000D9C761 /* Ice */,
				36E7670019C6D54100D9C761 /* IceTests */,
				36E766DB19C6D54000D9C761 /* Frameworks */,
				36E766DA19C6D54000D9C761 /* Products */,
			);
			sourceTree = "<group>";
			usesTabs = 1;
		};
		36E766DA19C6D54000D9C761 /* Products */ = {
			isa = PBXGroup;
			children = (
				36E766D919C6D54000D9C761 /* Ice.app */,
				36E766FA19C6D54000D9C761 /* IceTests.xctest */,
			);
			name = Products;
			sourceTree = "<group>";
		};
		36E766DB19C6D54000D9C761 /* Frameworks */ = {
			isa = PBXGroup;
			children = (
				360609B319EBE12B0003EA2D /* libz.dylib */,
				36B714CA19D2FB69006F08B3 /* Security.framework */,
				36E766DC19C6D54000D9C761 /* Cocoa.framework */,
				36E766FB19C6D54000D9C761 /* XCTest.framework */,
				36E766DE19C6D54000D9C761 /* Other Frameworks */,
			);
			name = Frameworks;
			sourceTree = "<group>";
		};
		36E766DE19C6D54000D9C761 /* Other Frameworks */ = {
			isa = PBXGroup;
			children = (
				36E766DF19C6D54000D9C761 /* AppKit.framework */,
				36E766E019C6D54000D9C761 /* CoreData.framework */,
				36E766E119C6D54000D9C761 /* Foundation.framework */,
			);
			name = "Other Frameworks";
			sourceTree = "<group>";
		};
		36E766E219C6D54000D9C761 /* Ice */ = {
			isa = PBXGroup;
			children = (
				36CB626C19FF343A00F2E996 /* Classes */,
				36D8F5B319F6A2CE00C3D4BE /* User Interface */,
				36E7671019C6D8BB00D9C761 /* SteamKit */,
				36E766EE19C6D54000D9C761 /* EXAppDelegate.h */,
				36E766EF19C6D54000D9C761 /* EXAppDelegate.m */,
				36E766F419C6D54000D9C761 /* Images.xcassets */,
				36E766E319C6D54000D9C761 /* Supporting Files */,
			);
			path = Ice;
			sourceTree = "<group>";
		};
		36E766E319C6D54000D9C761 /* Supporting Files */ = {
			isa = PBXGroup;
			children = (
				360609B519EBF39A0003EA2D /* steamInternal.pem */,
				360609B119EBC1CB0003EA2D /* public.pem */,
				360609AF19EBC1C30003EA2D /* private.pem */,
				3671B6CB19E2E4A4000A02EF /* steamPublic.pem */,
				36E766E419C6D54000D9C761 /* Ice-Info.plist */,
				36E766E519C6D54000D9C761 /* InfoPlist.strings */,
				36E766E819C6D54000D9C761 /* main.m */,
				36E766EA19C6D54000D9C761 /* Ice-Prefix.pch */,
				36E766EB19C6D54000D9C761 /* Credits.rtf */,
			);
			name = "Supporting Files";
			sourceTree = "<group>";
		};
		36E7670019C6D54100D9C761 /* IceTests */ = {
			isa = PBXGroup;
			children = (
				36E7670619C6D54100D9C761 /* IceTests.m */,
				36E7670119C6D54100D9C761 /* Supporting Files */,
			);
			path = IceTests;
			sourceTree = "<group>";
		};
		36E7670119C6D54100D9C761 /* Supporting Files */ = {
			isa = PBXGroup;
			children = (
				36E7670219C6D54100D9C761 /* IceTests-Info.plist */,
				36E7670319C6D54100D9C761 /* InfoPlist.strings */,
			);
			name = "Supporting Files";
			sourceTree = "<group>";
		};
		36E7671019C6D8BB00D9C761 /* SteamKit */ = {
			isa = PBXGroup;
			children = (
				36CF7DD31A01198D00973C8B /* Friends */,
				363C842919F65AC500DC3CCD /* MsgType.h */,
				3613524919ED78DA0038A3A1 /* SteamConstants.h */,
				36B714C619D2F350006F08B3 /* Security */,
				36B714BA19D17BA4006F08B3 /* NSData */,
				36B714B619D07A3A006F08B3 /* Session */,
				36E7671819C6DAC300D9C761 /* Packet */,
				36E7671119C6D8C100D9C761 /* Connection */,
			);
			name = SteamKit;
			sourceTree = "<group>";
		};
		36E7671119C6D8C100D9C761 /* Connection */ = {
			isa = PBXGroup;
			children = (
				36B714C319D1CAC9006F08B3 /* TCP */,
				36B714C219D1CAC2006F08B3 /* UDP */,
				36B714C119D1CAB3006F08B3 /* GCDAsyncSocket */,
				36E7671919C6DAF500D9C761 /* SKConnection.h */,
				36E7671A19C6DAF500D9C761 /* SKConnection.m */,
			);
			name = Connection;
			sourceTree = "<group>";
		};
		36E7671819C6DAC300D9C761 /* Packet */ = {
			isa = PBXGroup;
			children = (
				3646FE2F19FAA9BB00143668 /* Protobuf */,
				36E7671C19C707D900D9C761 /* SKPacket.h */,
				36E7671D19C707D900D9C761 /* SKPacket.m */,
				3613523C19ECB1060038A3A1 /* SKPacketScanner.h */,
				3613523D19ECB1060038A3A1 /* SKPacketScanner.m */,
			);
			name = Packet;
			sourceTree = "<group>";
		};
/* End PBXGroup section */

/* Begin PBXNativeTarget section */
		36E766D819C6D54000D9C761 /* Ice */ = {
			isa = PBXNativeTarget;
			buildConfigurationList = 36E7670A19C6D54100D9C761 /* Build configuration list for PBXNativeTarget "Ice" */;
			buildPhases = (
				36E766D519C6D54000D9C761 /* Sources */,
				36E766D619C6D54000D9C761 /* Frameworks */,
				36E766D719C6D54000D9C761 /* Resources */,
			);
			buildRules = (
			);
			dependencies = (
			);
			name = Ice;
			productName = Ice;
			productReference = 36E766D919C6D54000D9C761 /* Ice.app */;
			productType = "com.apple.product-type.application";
		};
		36E766F919C6D54000D9C761 /* IceTests */ = {
			isa = PBXNativeTarget;
			buildConfigurationList = 36E7670D19C6D54100D9C761 /* Build configuration list for PBXNativeTarget "IceTests" */;
			buildPhases = (
				36E766F619C6D54000D9C761 /* Sources */,
				36E766F719C6D54000D9C761 /* Frameworks */,
				36E766F819C6D54000D9C761 /* Resources */,
			);
			buildRules = (
			);
			dependencies = (
				36E766FF19C6D54100D9C761 /* PBXTargetDependency */,
			);
			name = IceTests;
			productName = IceTests;
			productReference = 36E766FA19C6D54000D9C761 /* IceTests.xctest */;
			productType = "com.apple.product-type.bundle.unit-test";
		};
/* End PBXNativeTarget section */

/* Begin PBXProject section */
		36E766D119C6D54000D9C761 /* Project object */ = {
			isa = PBXProject;
			attributes = {
				CLASSPREFIX = EX;
				LastUpgradeCheck = 0600;
				ORGANIZATIONNAME = Exurion;
				TargetAttributes = {
					36E766F919C6D54000D9C761 = {
						TestTargetID = 36E766D819C6D54000D9C761;
					};
				};
			};
			buildConfigurationList = 36E766D419C6D54000D9C761 /* Build configuration list for PBXProject "Ice" */;
			compatibilityVersion = "Xcode 3.2";
			developmentRegion = English;
			hasScannedForEncodings = 0;
			knownRegions = (
				en,
				Base,
			);
			mainGroup = 36E766D019C6D54000D9C761;
			productRefGroup = 36E766DA19C6D54000D9C761 /* Products */;
			projectDirPath = "";
			projectRoot = "";
			targets = (
				36E766D819C6D54000D9C761 /* Ice */,
				36E766F919C6D54000D9C761 /* IceTests */,
			);
		};
/* End PBXProject section */

/* Begin PBXResourcesBuildPhase section */
		36E766D719C6D54000D9C761 /* Resources */ = {
			isa = PBXResourcesBuildPhase;
			buildActionMask = 2147483647;
			files = (
				367EF2D61A103F060038548D /* EXSteamDeveloperWindow.xib in Resources */,
				367EF2DC1A1045C00038548D /* EXFriendsListController.xib in Resources */,
				360609B619EBF39A0003EA2D /* steamInternal.pem in Resources */,
				36E766E719C6D54000D9C761 /* InfoPlist.strings in Resources */,
				3671B6CC19E2E4A4000A02EF /* steamPublic.pem in Resources */,
				36E766F519C6D54000D9C761 /* Images.xcassets in Resources */,
				36CB627219FF347000F2E996 /* EXSteamGuardWindowController.xib in Resources */,
				36E766ED19C6D54000D9C761 /* Credits.rtf in Resources */,
				366863AC1A10553900EA08B6 /* EXChatWindowController.xib in Resources */,
				360609B219EBC1CB0003EA2D /* public.pem in Resources */,
				360609B019EBC1C30003EA2D /* private.pem in Resources */,
				36E766F319C6D54000D9C761 /* MainMenu.xib in Resources */,
			);
			runOnlyForDeploymentPostprocessing = 0;
		};
		36E766F819C6D54000D9C761 /* Resources */ = {
			isa = PBXResourcesBuildPhase;
			buildActionMask = 2147483647;
			files = (
				36E7670519C6D54100D9C761 /* InfoPlist.strings in Resources */,
			);
			runOnlyForDeploymentPostprocessing = 0;
		};
/* End PBXResourcesBuildPhase section */

/* Begin PBXSourcesBuildPhase section */
		36E766D519C6D54000D9C761 /* Sources */ = {
			isa = PBXSourcesBuildPhase;
			buildActionMask = 2147483647;
			files = (
				367EF2DF1A1046120038548D /* EXFriendsListRowView.m in Sources */,
				36E7671719C6D8E300D9C761 /* GCDAsyncUdpSocket.m in Sources */,
				36DAFB5A19CB30DF00A65E6F /* SKTCPConnection.m in Sources */,
				3613524719ED2B1F0038A3A1 /* SKSentryFile.m in Sources */,
				3613523E19ECB1060038A3A1 /* SKPacketScanner.m in Sources */,
				36B714C919D2F36F006F08B3 /* SKAESEncryption.m in Sources */,
				36CE8D011A01542C0010E42B /* SKHeartbeatManager.m in Sources */,
				36E5DA9319FDE4EB00AD2A4D /* SKProtobufCompiler.m in Sources */,
				3672A7991A10EBC8003AF16D /* AHMarkedHyperlink.m in Sources */,
				36B303D31A0FF0DF009C2D0B /* SKSteamID.m in Sources */,
				36DAFB5719CAD81600A65E6F /* SKUDPConnection.m in Sources */,
				36E7671E19C707D900D9C761 /* SKPacket.m in Sources */,
				363CBDD319F8F2E30012AD78 /* SKProtobufScanner.m in Sources */,
				366863AB1A10553900EA08B6 /* EXChatWindowController.m in Sources */,
				3646FE3219FAA9D900143668 /* SKProtobufKey.m in Sources */,
				36E7671619C6D8E300D9C761 /* GCDAsyncSocket.m in Sources */,
				36CF7DD61A01199D00973C8B /* SKFriend.m in Sources */,
				36CB627119FF347000F2E996 /* EXSteamGuardWindowController.m in Sources */,
				36B714B919D07A4F006F08B3 /* SKSession.m in Sources */,
				36E766E919C6D54000D9C761 /* main.m in Sources */,
				36D4F8821A00EE570028CE96 /* SKOneTimePassword.m in Sources */,
				36E5DA9619FDEBF300AD2A4D /* SKProtobufValue.m in Sources */,
				369715A419D4387A001D8653 /* SKRSAEncryption.m in Sources */,
				367EF2DB1A1045C00038548D /* EXFriendsListController.m in Sources */,
				3613524419ECB12F0038A3A1 /* NSMutableData_XfireAdditions.m in Sources */,
				3672A7981A10EBC8003AF16D /* AHLinkLexer.yy.c in Sources */,
				36E7671B19C6DAF500D9C761 /* SKConnection.m in Sources */,
				36CF849C1A0F19A000C7A087 /* SKProtobufHeader.m in Sources */,
				3613524319ECB12F0038A3A1 /* NSData_SteamKitAdditions.m in Sources */,
				3672A7971A10EBC8003AF16D /* AHHyperlinkScanner.m in Sources */,
				367EF2D51A103F060038548D /* EXSteamDeveloperWindow.m in Sources */,
				36C5CFFE1A0F8CE9006CE1BD /* SKProtobufEncoder.m in Sources */,
				36E766F019C6D54000D9C761 /* EXAppDelegate.m in Sources */,
			);
			runOnlyForDeploymentPostprocessing = 0;
		};
		36E766F619C6D54000D9C761 /* Sources */ = {
			isa = PBXSourcesBuildPhase;
			buildActionMask = 2147483647;
			files = (
				36E7670719C6D54100D9C761 /* IceTests.m in Sources */,
			);
			runOnlyForDeploymentPostprocessing = 0;
		};
/* End PBXSourcesBuildPhase section */

/* Begin PBXTargetDependency section */
		36E766FF19C6D54100D9C761 /* PBXTargetDependency */ = {
			isa = PBXTargetDependency;
			target = 36E766D819C6D54000D9C761 /* Ice */;
			targetProxy = 36E766FE19C6D54100D9C761 /* PBXContainerItemProxy */;
		};
/* End PBXTargetDependency section */

/* Begin PBXVariantGroup section */
		36E766E519C6D54000D9C761 /* InfoPlist.strings */ = {
			isa = PBXVariantGroup;
			children = (
				36E766E619C6D54000D9C761 /* en */,
			);
			name = InfoPlist.strings;
			sourceTree = "<group>";
		};
		36E766EB19C6D54000D9C761 /* Credits.rtf */ = {
			isa = PBXVariantGroup;
			children = (
				36E766EC19C6D54000D9C761 /* en */,
			);
			name = Credits.rtf;
			sourceTree = "<group>";
		};
		36E766F119C6D54000D9C761 /* MainMenu.xib */ = {
			isa = PBXVariantGroup;
			children = (
				36E766F219C6D54000D9C761 /* Base */,
			);
			name = MainMenu.xib;
			sourceTree = "<group>";
		};
		36E7670319C6D54100D9C761 /* InfoPlist.strings */ = {
			isa = PBXVariantGroup;
			children = (
				36E7670419C6D54100D9C761 /* en */,
			);
			name = InfoPlist.strings;
			sourceTree = "<group>";
		};
/* End PBXVariantGroup section */

/* Begin XCBuildConfiguration section */
		36E7670819C6D54100D9C761 /* Debug */ = {
			isa = XCBuildConfiguration;
			buildSettings = {
				ALWAYS_SEARCH_USER_PATHS = NO;
				CLANG_CXX_LANGUAGE_STANDARD = "gnu++0x";
				CLANG_CXX_LIBRARY = "libc++";
				CLANG_ENABLE_MODULES = YES;
				CLANG_ENABLE_OBJC_ARC = YES;
				CLANG_WARN_BOOL_CONVERSION = YES;
				CLANG_WARN_CONSTANT_CONVERSION = YES;
				CLANG_WARN_DIRECT_OBJC_ISA_USAGE = YES_ERROR;
				CLANG_WARN_EMPTY_BODY = YES;
				CLANG_WARN_ENUM_CONVERSION = YES;
				CLANG_WARN_INT_CONVERSION = YES;
				CLANG_WARN_OBJC_ROOT_CLASS = YES_ERROR;
				CLANG_WARN__DUPLICATE_METHOD_MATCH = YES;
				COPY_PHASE_STRIP = NO;
				GCC_C_LANGUAGE_STANDARD = gnu99;
				GCC_DYNAMIC_NO_PIC = NO;
				GCC_ENABLE_OBJC_EXCEPTIONS = YES;
				GCC_OPTIMIZATION_LEVEL = 0;
				GCC_PREPROCESSOR_DEFINITIONS = (
					"DEBUG=1",
					"$(inherited)",
				);
				GCC_SYMBOLS_PRIVATE_EXTERN = NO;
				GCC_WARN_64_TO_32_BIT_CONVERSION = YES;
				GCC_WARN_ABOUT_RETURN_TYPE = YES_ERROR;
				GCC_WARN_UNDECLARED_SELECTOR = YES;
				GCC_WARN_UNINITIALIZED_AUTOS = YES_AGGRESSIVE;
				GCC_WARN_UNUSED_FUNCTION = YES;
				GCC_WARN_UNUSED_VARIABLE = YES;
				MACOSX_DEPLOYMENT_TARGET = 10.9;
				ONLY_ACTIVE_ARCH = YES;
				SDKROOT = macosx;
			};
			name = Debug;
		};
		36E7670919C6D54100D9C761 /* Release */ = {
			isa = XCBuildConfiguration;
			buildSettings = {
				ALWAYS_SEARCH_USER_PATHS = NO;
				CLANG_CXX_LANGUAGE_STANDARD = "gnu++0x";
				CLANG_CXX_LIBRARY = "libc++";
				CLANG_ENABLE_MODULES = YES;
				CLANG_ENABLE_OBJC_ARC = YES;
				CLANG_WARN_BOOL_CONVERSION = YES;
				CLANG_WARN_CONSTANT_CONVERSION = YES;
				CLANG_WARN_DIRECT_OBJC_ISA_USAGE = YES_ERROR;
				CLANG_WARN_EMPTY_BODY = YES;
				CLANG_WARN_ENUM_CONVERSION = YES;
				CLANG_WARN_INT_CONVERSION = YES;
				CLANG_WARN_OBJC_ROOT_CLASS = YES_ERROR;
				CLANG_WARN__DUPLICATE_METHOD_MATCH = YES;
				COPY_PHASE_STRIP = YES;
				DEBUG_INFORMATION_FORMAT = "dwarf-with-dsym";
				ENABLE_NS_ASSERTIONS = NO;
				GCC_C_LANGUAGE_STANDARD = gnu99;
				GCC_ENABLE_OBJC_EXCEPTIONS = YES;
				GCC_WARN_64_TO_32_BIT_CONVERSION = YES;
				GCC_WARN_ABOUT_RETURN_TYPE = YES_ERROR;
				GCC_WARN_UNDECLARED_SELECTOR = YES;
				GCC_WARN_UNINITIALIZED_AUTOS = YES_AGGRESSIVE;
				GCC_WARN_UNUSED_FUNCTION = YES;
				GCC_WARN_UNUSED_VARIABLE = YES;
				MACOSX_DEPLOYMENT_TARGET = 10.9;
				SDKROOT = macosx;
			};
			name = Release;
		};
		36E7670B19C6D54100D9C761 /* Debug */ = {
			isa = XCBuildConfiguration;
			buildSettings = {
				ASSETCATALOG_COMPILER_APPICON_NAME = AppIcon;
				CLANG_ENABLE_OBJC_ARC = NO;
				COMBINE_HIDPI_IMAGES = YES;
				GCC_PRECOMPILE_PREFIX_HEADER = YES;
				GCC_PREFIX_HEADER = "Ice/Ice-Prefix.pch";
				INFOPLIST_FILE = "Ice/Ice-Info.plist";
				LIBRARY_SEARCH_PATHS = (
					"$(inherited)",
					"$(SDKROOT)/usr/lib/system",
				);
				MACOSX_DEPLOYMENT_TARGET = 10.10;
				PRODUCT_NAME = "$(TARGET_NAME)";
				WRAPPER_EXTENSION = app;
			};
			name = Debug;
		};
		36E7670C19C6D54100D9C761 /* Release */ = {
			isa = XCBuildConfiguration;
			buildSettings = {
				ASSETCATALOG_COMPILER_APPICON_NAME = AppIcon;
				CLANG_ENABLE_OBJC_ARC = NO;
				COMBINE_HIDPI_IMAGES = YES;
				GCC_PRECOMPILE_PREFIX_HEADER = YES;
				GCC_PREFIX_HEADER = "Ice/Ice-Prefix.pch";
				INFOPLIST_FILE = "Ice/Ice-Info.plist";
				LIBRARY_SEARCH_PATHS = (
					"$(inherited)",
					"$(SDKROOT)/usr/lib/system",
				);
				MACOSX_DEPLOYMENT_TARGET = 10.10;
				PRODUCT_NAME = "$(TARGET_NAME)";
				WRAPPER_EXTENSION = app;
			};
			name = Release;
		};
		36E7670E19C6D54100D9C761 /* Debug */ = {
			isa = XCBuildConfiguration;
			buildSettings = {
				BUNDLE_LOADER = "$(BUILT_PRODUCTS_DIR)/Ice.app/Contents/MacOS/Ice";
				COMBINE_HIDPI_IMAGES = YES;
				FRAMEWORK_SEARCH_PATHS = (
					"$(DEVELOPER_FRAMEWORKS_DIR)",
					"$(inherited)",
				);
				GCC_PRECOMPILE_PREFIX_HEADER = YES;
				GCC_PREFIX_HEADER = "Ice/Ice-Prefix.pch";
				GCC_PREPROCESSOR_DEFINITIONS = (
					"DEBUG=1",
					"$(inherited)",
				);
				INFOPLIST_FILE = "IceTests/IceTests-Info.plist";
				PRODUCT_NAME = "$(TARGET_NAME)";
				TEST_HOST = "$(BUNDLE_LOADER)";
				WRAPPER_EXTENSION = xctest;
			};
			name = Debug;
		};
		36E7670F19C6D54100D9C761 /* Release */ = {
			isa = XCBuildConfiguration;
			buildSettings = {
				BUNDLE_LOADER = "$(BUILT_PRODUCTS_DIR)/Ice.app/Contents/MacOS/Ice";
				COMBINE_HIDPI_IMAGES = YES;
				FRAMEWORK_SEARCH_PATHS = (
					"$(DEVELOPER_FRAMEWORKS_DIR)",
					"$(inherited)",
				);
				GCC_PRECOMPILE_PREFIX_HEADER = YES;
				GCC_PREFIX_HEADER = "Ice/Ice-Prefix.pch";
				INFOPLIST_FILE = "IceTests/IceTests-Info.plist";
				PRODUCT_NAME = "$(TARGET_NAME)";
				TEST_HOST = "$(BUNDLE_LOADER)";
				WRAPPER_EXTENSION = xctest;
			};
			name = Release;
		};
/* End XCBuildConfiguration section */

/* Begin XCConfigurationList section */
		36E766D419C6D54000D9C761 /* Build configuration list for PBXProject "Ice" */ = {
			isa = XCConfigurationList;
			buildConfigurations = (
				36E7670819C6D54100D9C761 /* Debug */,
				36E7670919C6D54100D9C761 /* Release */,
			);
			defaultConfigurationIsVisible = 0;
			defaultConfigurationName = Release;
		};
		36E7670A19C6D54100D9C761 /* Build configuration list for PBXNativeTarget "Ice" */ = {
			isa = XCConfigurationList;
			buildConfigurations = (
				36E7670B19C6D54100D9C761 /* Debug */,
				36E7670C19C6D54100D9C761 /* Release */,
			);
			defaultConfigurationIsVisible = 0;
			defaultConfigurationName = Release;
		};
		36E7670D19C6D54100D9C761 /* Build configuration list for PBXNativeTarget "IceTests" */ = {
			isa = XCConfigurationList;
			buildConfigurations = (
				36E7670E19C6D54100D9C761 /* Debug */,
				36E7670F19C6D54100D9C761 /* Release */,
			);
			defaultConfigurationIsVisible = 0;
			defaultConfigurationName = Release;
		};
/* End XCConfigurationList section */
	};
	rootObject = 36E766D119C6D54000D9C761 /* Project object */;
}
